{
  "name": "enplex.js",
  "version": "1.0.0",
  "lockfileVersion": 3,
  "requires": true,
  "packages": {
    "": {
      "name": "enplex.js",
      "version": "1.0.0",
      "license": "Apache-2.0",
      "dependencies": {
        "enplex.js": "^1.0.0"
      },
      "devDependencies": {
        "@types/node": "^18.11.18"
      }
    },
    "node_modules/@types/node": {
      "version": "18.19.63",
      "resolved": "https://registry.npmjs.org/@types/node/-/node-18.19.63.tgz",
      "integrity": "sha512-hcUB7THvrGmaEcPcvUZCZtQ2Z3C+UR/aOcraBLCvTsFMh916Gc1kCCYcfcMuB76HM2pSerxl1PoP3KnmHzd9Lw==",
      "dev": true,
      "license": "MIT",
      "dependencies": {
        "undici-types": "~5.26.4"
      }
    },
    "node_modules/enplex.js": {
      "version": "1.0.0",
      "resolved": "https://registry.npmjs.org/enplex.js/-/enplex.js-1.0.0.tgz",
      "integrity": "sha512-AWTGXijlyvXE9MYao8ugM8ZvP4WPZvRallgGhb5ie7og+cqFmyg+MVrX6qLgcFw2lxF9UzS/5If2e/QysAHDfg==",
      "license": "Apache-2.0"
    },
    "node_modules/undici-types": {
      "version": "5.26.5",
      "resolved": "https://registry.npmjs.org/undici-types/-/undici-types-5.26.5.tgz",
      "integrity": "sha512-JlCMO+ehdEIKqlFxk6IfVoAUVmgz7cU7zD/h9XZ0qzeosSHmUJVOzSQvvYSYWXkFXC+IfLKSIffhv0sVZup6pA==",
      "dev": true,
      "license": "MIT"
    }
  }
}
